{
  "name": "@micropod/sdk",
  "version": "0.8.0",
  "lockfileVersion": 3,
  "requires": true,
  "packages": {
    "": {
      "name": "@micropod/sdk",
      "version": "0.8.0",
      "license": "Apache-2.0",
      "dependencies": {
        "@bufbuild/protobuf": "^2.9.0",
        "@bufbuild/protovalidate": "^1.3.0",
        "@connectrpc/connect": "^2.1.0",
        "@connectrpc/connect-web": "^2.1.0",
        "@opentelemetry/api": "^1.9.0"
      },
      "devDependencies": {
        "@bufbuild/protoc-gen-es": "^2.9.0",
        "typescript": "^5.6.0"
      },
      "engines": {
        "node": ">=18"
      }
    },
    "node_modules/@bufbuild/cel": {
      "version": "0.6.1",
      "resolved": "https://registry.npmjs.org/@bufbuild/cel/-/cel-0.6.1.tgz",
      "integrity": "sha512-tW7cvf5byb4zrVKsdkVk/UhD3dH6Q0hnfmeRyKaAGXx0pwebk7NjUgdR2GSwf74GXxkC7StMfgRLA2Ea/+zPKw==",
      "license": "Apache-2.0",
      "dependencies": {
        "@bufbuild/cel-spec": "0.6.1",
        "@bufbuild/re2": "0.6.1"
      },
      "peerDependencies": {
        "@bufbuild/protobuf": "^2.6.2"
      }
    },
    "node_modules/@bufbuild/cel-spec": {
      "version": "0.6.1",
      "resolved": "https://registry.npmjs.org/@bufbuild/cel-spec/-/cel-spec-0.6.1.tgz",
      "integrity": "sha512-m0Ac9qA669yxxC0Hy45qGsUZemjImVfxPl6r9jLbkJviEvv3R9hSYyH2ItGRbDguekX6eId0cb62ulNBK97ezg==",
      "license": "Apache-2.0",
      "peerDependencies": {
        "@bufbuild/protobuf": "^2.6.2"
      }
    },
    "node_modules/@bufbuild/protobuf": {
      "version": "2.15.0",
      "resolved": "https://registry.npmjs.org/@bufbuild/protobuf/-/protobuf-2.15.0.tgz",
      "integrity": "sha512-DAheWUkVr/SJTWCc+lg9dhY0eN4SaWlf4+bG1KzHeXbnqt0AfB/NX0Z+VunGlM1ki1B4zVvye27MpKh/svySUA==",
      "license": "(Apache-2.0 AND BSD-3-Clause)"
    },
    "node_modules/@bufbuild/protoc-gen-es": {
      "version": "2.9.0",
      "resolved": "https://registry.npmjs.org/@bufbuild/protoc-gen-es/-/protoc-gen-es-2.9.0.tgz",
      "integrity": "sha512-g54rrHLKc7fnxN25ikynstRxR19M5G5l/hyqut2JoypJ9iU9QgUE63zEm8PNvVfBd4r5PEzWPfbWy5MNOeuMKQ==",
      "dev": true,
      "license": "Apache-2.0",
      "dependencies": {
        "@bufbuild/protobuf": "2.9.0",
        "@bufbuild/protoplugin": "2.9.0"
      },
      "bin": {
        "protoc-gen-es": "bin/protoc-gen-es"
      },
      "engines": {
        "node": ">=20"
      },
      "peerDependencies": {
        "@bufbuild/protobuf": "2.9.0"
      },
      "peerDependenciesMeta": {
        "@bufbuild/protobuf": {
          "optional": true
        }
      }
    },
    "node_modules/@bufbuild/protoc-gen-es/node_modules/@bufbuild/protobuf": {
      "version": "2.9.0",
      "resolved": "https://registry.npmjs.org/@bufbuild/protobuf/-/protobuf-2.9.0.tgz",
      "integrity": "sha512-rnJenoStJ8nvmt9Gzye8nkYd6V22xUAnu4086ER7h1zJ508vStko4pMvDeQ446ilDTFpV5wnoc5YS7XvMwwMqA==",
      "dev": true,
      "license": "(Apache-2.0 AND BSD-3-Clause)"
    },
    "node_modules/@bufbuild/protoplugin": {
      "version": "2.9.0",
      "resolved": "https://registry.npmjs.org/@bufbuild/protoplugin/-/protoplugin-2.9.0.tgz",
      "integrity": "sha512-uoiwNVYoTq+AyqaV1L6pBazGx5fXOO89L0NSR9/7hEfo0Y8n9T1jsKGu4mkitLmP3z+8gJREaule1mMuKBPyYw==",
      "dev": true,
      "license": "Apache-2.0",
      "dependencies": {
        "@bufbuild/protobuf": "2.9.0",
        "@typescript/vfs": "^1.5.2",
        "typescript": "5.4.5"
      }
    },
    "node_modules/@bufbuild/protoplugin/node_modules/@bufbuild/protobuf": {
      "version": "2.9.0",
      "resolved": "https://registry.npmjs.org/@bufbuild/protobuf/-/protobuf-2.9.0.tgz",
      "integrity": "sha512-rnJenoStJ8nvmt9Gzye8nkYd6V22xUAnu4086ER7h1zJ508vStko4pMvDeQ446ilDTFpV5wnoc5YS7XvMwwMqA==",
      "dev": true,
      "license": "(Apache-2.0 AND BSD-3-Clause)"
    },
    "node_modules/@bufbuild/protoplugin/node_modules/typescript": {
      "version": "5.4.5",
      "resolved": "https://registry.npmjs.org/typescript/-/typescript-5.4.5.tgz",
      "integrity": "sha512-vcI4UpRgg81oIRUFwR0WSIHKt11nJ7SAVlYNIu+QpqeyXP+gpQJy/Z4+F0aGxSE4MqwjyXvW/TzgkLAx2AGHwQ==",
      "dev": true,
      "license": "Apache-2.0",
      "bin": {
        "tsc": "bin/tsc",
        "tsserver": "bin/tsserver"
      },
      "engines": {
        "node": ">=14.17"
      }
    },
    "node_modules/@bufbuild/protovalidate": {
      "version": "1.3.0",
      "resolved": "https://registry.npmjs.org/@bufbuild/protovalidate/-/protovalidate-1.3.0.tgz",
      "integrity": "sha512-3GU0+0J/+vCk9/7Zply9XWjGLk08DcJsVNI9/e2FiPl+dIv6shBaRimkXouMs1GnPt7PueNW1vPJFGfh7O6VCA==",
      "license": "Apache-2.0",
      "dependencies": {
        "@bufbuild/cel": "0.6.1",
        "@bufbuild/re2": "0.6.1"
      },
      "peerDependencies": {
        "@bufbuild/protobuf": "^2.8.0"
      }
    },
    "node_modules/@bufbuild/re2": {
      "version": "0.6.1",
      "resolved": "https://registry.npmjs.org/@bufbuild/re2/-/re2-0.6.1.tgz",
      "integrity": "sha512-VY7zV7bWKdAsf46epowVKidolEfMKw/FoHo2xYVDVzLj/hiP5qDL3nXqJt6seZClRYfG+uzAPFQBZBlj07wO5A==",
      "license": "MIT"
    },
    "node_modules/@connectrpc/connect": {
      "version": "2.2.0",
      "resolved": "https://registry.npmjs.org/@connectrpc/connect/-/connect-2.2.0.tgz",
      "integrity": "sha512-M63OQ1ZFcPUm85CuewJ9G9CMV8LjzGR9935xOnXNQGSazAbwMb3x2W7vXBYM1zqrP7XFD8uxp/dUAhirclgwnQ==",
      "license": "Apache-2.0",
      "peerDependencies": {
        "@bufbuild/protobuf": "^2.7.0"
      }
    },
    "node_modules/@connectrpc/connect-web": {
      "version": "2.2.0",
      "resolved": "https://registry.npmjs.org/@connectrpc/connect-web/-/connect-web-2.2.0.tgz",
      "integrity": "sha512-uuBUcBTYfb/r1o98LzCCZk1H90yx0vmZ5m21dpw/q4EUwsKwkCDGI8H0aEdjcZld+Q2jJ5A5ADvPqfb6lzQ/sg==",
      "license": "Apache-2.0",
      "peerDependencies": {
        "@bufbuild/protobuf": "^2.7.0",
        "@connectrpc/connect": "2.2.0"
      }
    },
    "node_modules/@opentelemetry/api": {
      "version": "1.9.1",
      "resolved": "https://registry.npmjs.org/@opentelemetry/api/-/api-1.9.1.tgz",
      "integrity": "sha512-gLyJlPHPZYdAk1JENA9LeHejZe1Ti77/pTeFm/nMXmQH/HFZlcS/O2XJB+L8fkbrNSqhdtlvjBVjxwUYanNH5Q==",
      "license": "Apache-2.0",
      "engines": {
        "node": ">=8.0.0"
      }
    },
    "node_modules/@typescript/vfs": {
      "version": "1.6.5",
      "resolved": "https://registry.npmjs.org/@typescript/vfs/-/vfs-1.6.5.tgz",
      "integrity": "sha512-gobLHQLmvQGJInFk31NvgMd1uYzRXsd8qgnOssyLD055R2QPnw1ubRbBQ4+T+5qC7IQVuYXdvNDE2G7tMDVHgw==",
      "dev": true,
      "license": "MIT",
      "dependencies": {
        "debug": "^4.4.3"
      },
      "peerDependencies": {
        "typescript": "*"
      }
    },
    "node_modules/debug": {
      "version": "4.4.3",
      "resolved": "https://registry.npmjs.org/debug/-/debug-4.4.3.tgz",
      "integrity": "sha512-RGwwWnwQvkVfavKVt22FGLw+xYSdzARwm0ru6DhTVA3umU5hZc28V3kO4stgYryrTlLpuvgI9GiijltAjNbcqA==",
      "dev": true,
      "license": "MIT",
      "dependencies": {
        "ms": "^2.1.3"
      },
      "engines": {
        "node": ">=6.0"
      },
      "peerDependenciesMeta": {
        "supports-color": {
          "optional": true
        }
      }
    },
    "node_modules/ms": {
      "version": "2.1.3",
      "resolved": "https://registry.npmjs.org/ms/-/ms-2.1.3.tgz",
      "integrity": "sha512-6FlzubTLZG3J2a/NVCAleEhjzq5oxgHyaCU9yYXvcLsvoVaHJq/s5xXI6/XXP6tz7R9xAOtHnSO/tXtF3WRTlA==",
      "dev": true,
      "license": "MIT"
    },
    "node_modules/typescript": {
      "version": "5.9.3",
      "resolved": "https://registry.npmjs.org/typescript/-/typescript-5.9.3.tgz",
      "integrity": "sha512-jl1vZzPDinLr9eUt3J/t7V6FgNEw9QjvBPdysz9KfQDD41fQrC2Y4vKQdiaUpFT4bXlb1RHhLpp8wtm6M5TgSw==",
      "dev": true,
      "license": "Apache-2.0",
      "bin": {
        "tsc": "bin/tsc",
        "tsserver": "bin/tsserver"
      },
      "engines": {
        "node": ">=14.17"
      }
    }
  }
}
